
Microsoft Visual Studio Solution File, Format Version 12.00
# Visual Studio Express 2012 for Windows Desktop
Project("{FAE04EC0-301F-11D3-BF4B-00C04F79EFBC}") = "Server", "Server\Server.csproj", "{6779A1F7-6165-4059-95EB-1CF0A9EB75BD}"
EndProject
Project("{FAE04EC0-301F-11D3-BF4B-00C04F79EFBC}") = "Client", "Client\Client.csproj", "{254E8DFE-EA88-429B-949D-B84A7CC197CA}"
EndProject
Global
	GlobalSection(SolutionConfigurationPlatforms) = preSolution
		Debug|Any CPU = Debug|Any CPU
		Release|Any CPU = Release|Any CPU
	EndGlobalSection
	GlobalSection(ProjectConfigurationPlatforms) = postSolution
		{6779A1F7-6165-4059-95EB-1CF0A9EB75BD}.Debug|Any CPU.ActiveCfg = Debug|Any CPU
		{6779A1F7-6165-4059-95EB-1CF0A9EB75BD}.Debug|Any CPU.Build.0 = Debug|Any CPU
		{6779A1F7-6165-4059-95EB-1CF0A9EB75BD}.Release|Any CPU.ActiveCfg = Release|Any CPU
		{6779A1F7-6165-4059-95EB-1CF0A9EB75BD}.Release|Any CPU.Build.0 = Release|Any CPU
		{254E8DFE-EA88-429B-949D-B84A7CC197CA}.Debug|Any CPU.ActiveCfg = Debug|Any CPU
		{254E8DFE-EA88-429B-949D-B84A7CC197CA}.Debug|Any CPU.Build.0 = Debug|Any CPU
		{254E8DFE-EA88-429B-949D-B84A7CC197CA}.Release|Any CPU.ActiveCfg = Release|Any CPU
		{254E8DFE-EA88-429B-949D-B84A7CC197CA}.Release|Any CPU.Build.0 = Release|Any CPU
	EndGlobalSection
	GlobalSection(SolutionProperties) = preSolution
		HideSolutionNode = FALSE
	EndGlobalSection
EndGlobal
